{
  "version": 4,
  "terraform_version": "1.9.8",
  "serial": 103,
  "lineage": "b9aaf6f8-76b7-330e-11c2-67dfc7d09786",
  "outputs": {},
  "resources": [
    {
      "mode": "managed",
      "type": "aws_ecr_repository",
      "name": "backend",
      "provider": "provider[\"registry.terraform.io/hashicorp/aws\"]",
      "instances": [
        {
          "schema_version": 0,
          "attributes": {
            "arn": "arn:aws:ecr:us-east-1:683044484462:repository/instamastadongram-backend",
            "encryption_configuration": [
              {
                "encryption_type": "AES256",
                "kms_key": ""
              }
            ],
            "force_delete": null,
            "id": "instamastadongram-backend",
            "image_scanning_configuration": [
              {
                "scan_on_push": true
              }
            ],
            "image_tag_mutability": "MUTABLE",
            "name": "instamastadongram-backend",
            "registry_id": "683044484462",
            "repository_url": "683044484462.dkr.ecr.us-east-1.amazonaws.com/instamastadongram-backend",
            "tags": {
              "Environment": "production",
              "Name": "instamastadongram-backend",
              "Project": "instamastadongram"
            },
            "tags_all": {
              "Environment": "production",
              "Name": "instamastadongram-backend",
              "Project": "instamastadongram"
            },
            "timeouts": null
          },
          "sensitive_attributes": [],
          "private": "eyJlMmJmYjczMC1lY2FhLTExZTYtOGY4OC0zNDM2M2JjN2M0YzAiOnsiZGVsZXRlIjoxMjAwMDAwMDAwMDAwfX0="
        }
      ]
    },
    {
      "mode": "managed",
      "type": "aws_ecr_repository",
      "name": "frontend",
      "provider": "provider[\"registry.terraform.io/hashicorp/aws\"]",
      "instances": [
        {
          "schema_version": 0,
          "attributes": {
            "arn": "arn:aws:ecr:us-east-1:683044484462:repository/instamastadongram-frontend",
            "encryption_configuration": [
              {
                "encryption_type": "AES256",
                "kms_key": ""
              }
            ],
            "force_delete": null,
            "id": "instamastadongram-frontend",
            "image_scanning_configuration": [
              {
                "scan_on_push": true
              }
            ],
            "image_tag_mutability": "MUTABLE",
            "name": "instamastadongram-frontend",
            "registry_id": "683044484462",
            "repository_url": "683044484462.dkr.ecr.us-east-1.amazonaws.com/instamastadongram-frontend",
            "tags": {
              "Environment": "production",
              "Name": "instamastadongram-frontend",
              "Project": "instamastadongram"
            },
            "tags_all": {
              "Environment": "production",
              "Name": "instamastadongram-frontend",
              "Project": "instamastadongram"
            },
            "timeouts": null
          },
          "sensitive_attributes": [],
          "private": "eyJlMmJmYjczMC1lY2FhLTExZTYtOGY4OC0zNDM2M2JjN2M0YzAiOnsiZGVsZXRlIjoxMjAwMDAwMDAwMDAwfX0="
        }
      ]
    }
  ],
  "check_results": null
}
